
Microsoft Visual Studio Solution File, Format Version 12.00
# Visual Studio Version 16
VisualStudioVersion = 16.0.29020.237
MinimumVisualStudioVersion = 10.0.40219.1
Project("{FAE04EC0-301F-11D3-BF4B-00C04F79EFBC}") = "GitWell", "GitWell\GitWell.csproj", "{38BF36A9-F2E9-4C56-BA57-52F5CCF334D8}"
EndProject
Project("{FAE04EC0-301F-11D3-BF4B-00C04F79EFBC}") = "EDM", "EDM\EDM.csproj", "{ADD59166-810B-4140-A62F-73EC2E09F2E8}"
EndProject
Project("{FAE04EC0-301F-11D3-BF4B-00C04F79EFBC}") = "Test", "Test\Test.csproj", "{29F1597B-1235-4849-ACA9-76F1BEB5D35D}"
EndProject
Global
	GlobalSection(SolutionConfigurationPlatforms) = preSolution
		Debug|Any CPU = Debug|Any CPU
		Release|Any CPU = Release|Any CPU
	EndGlobalSection
	GlobalSection(ProjectConfigurationPlatforms) = postSolution
		{38BF36A9-F2E9-4C56-BA57-52F5CCF334D8}.Debug|Any CPU.ActiveCfg = Debug|Any CPU
		{38BF36A9-F2E9-4C56-BA57-52F5CCF334D8}.Debug|Any CPU.Build.0 = Debug|Any CPU
		{38BF36A9-F2E9-4C56-BA57-52F5CCF334D8}.Release|Any CPU.ActiveCfg = Release|Any CPU
		{38BF36A9-F2E9-4C56-BA57-52F5CCF334D8}.Release|Any CPU.Build.0 = Release|Any CPU
		{ADD59166-810B-4140-A62F-73EC2E09F2E8}.Debug|Any CPU.ActiveCfg = Debug|Any CPU
		{ADD59166-810B-4140-A62F-73EC2E09F2E8}.Debug|Any CPU.Build.0 = Debug|Any CPU
		{ADD59166-810B-4140-A62F-73EC2E09F2E8}.Release|Any CPU.ActiveCfg = Release|Any CPU
		{ADD59166-810B-4140-A62F-73EC2E09F2E8}.Release|Any CPU.Build.0 = Release|Any CPU
		{29F1597B-1235-4849-ACA9-76F1BEB5D35D}.Debug|Any CPU.ActiveCfg = Debug|Any CPU
		{29F1597B-1235-4849-ACA9-76F1BEB5D35D}.Debug|Any CPU.Build.0 = Debug|Any CPU
		{29F1597B-1235-4849-ACA9-76F1BEB5D35D}.Release|Any CPU.ActiveCfg = Release|Any CPU
		{29F1597B-1235-4849-ACA9-76F1BEB5D35D}.Release|Any CPU.Build.0 = Release|Any CPU
	EndGlobalSection
	GlobalSection(SolutionProperties) = preSolution
		HideSolutionNode = FALSE
	EndGlobalSection
	GlobalSection(ExtensibilityGlobals) = postSolution
		SolutionGuid = {44F5DCD4-F5CA-402B-8BED-B2E56FF7788C}
	EndGlobalSection
EndGlobal
